// !$*UTF8*$!
{
	archiveVersion = 1;
	classes = {
	};
	objectVersion = 55;
	objects = {

/* Begin PBXBuildFile section */
		1AE46391291E22EB0097123E /* AppDelegate.swift in Sources */ = {isa = PBXBuildFile; fileRef = 1AE46390291E22EB0097123E /* AppDelegate.swift */; };
		1AE46393291E22EB0097123E /* SceneDelegate.swift in Sources */ = {isa = PBXBuildFile; fileRef = 1AE46392291E22EB0097123E /* SceneDelegate.swift */; };
		1AE46395291E22EB0097123E /* ViewController.swift in Sources */ = {isa = PBXBuildFile; fileRef = 1AE46394291E22EB0097123E /* ViewController.swift */; };
		1AE46398291E22EB0097123E /* Main.storyboard in Resources */ = {isa = PBXBuildFile; fileRef = 1AE46396291E22EB0097123E /* Main.storyboard */; };
		1AE4639A291E22F40097123E /* Assets.xcassets in Resources */ = {isa = PBXBuildFile; fileRef = 1AE46399291E22F40097123E /* Assets.xcassets */; };
		1AE4639D291E22F40097123E /* LaunchScreen.storyboard in Resources */ = {isa = PBXBuildFile; fileRef = 1AE4639B291E22F40097123E /* LaunchScreen.storyboard */; };
		1AE463A5291E23740097123E /* UINavigationTabBarViewController.swift in Sources */ = {isa = PBXBuildFile; fileRef = 1AE463A4291E23740097123E /* UINavigationTabBarViewController.swift */; };
		1AE463A7291E29640097123E /* Extension.swift in Sources */ = {isa = PBXBuildFile; fileRef = 1AE463A6291E29640097123E /* Extension.swift */; };
		1AE463AA291E33350097123E /* ContentCollectionViewCell.swift in Sources */ = {isa = PBXBuildFile; fileRef = 1AE463A9291E33350097123E /* ContentCollectionViewCell.swift */; };
		1AE463AC291E33630097123E /* ContentViewCell.swift in Sources */ = {isa = PBXBuildFile; fileRef = 1AE463AB291E33630097123E /* ContentViewCell.swift */; };
		1AE463B1291E3D760097123E /* FirstViewController.swift in Sources */ = {isa = PBXBuildFile; fileRef = 1AE463B0291E3D760097123E /* FirstViewController.swift */; };
		1AE463B3291E3D850097123E /* SecondViewController.swift in Sources */ = {isa = PBXBuildFile; fileRef = 1AE463B2291E3D850097123E /* SecondViewController.swift */; };
		1AE463B5291E3D950097123E /* ThirdViewController.swift in Sources */ = {isa = PBXBuildFile; fileRef = 1AE463B4291E3D950097123E /* ThirdViewController.swift */; };
		1AE463B7291E442C0097123E /* ButtonViewCell.swift in Sources */ = {isa = PBXBuildFile; fileRef = 1AE463B6291E442C0097123E /* ButtonViewCell.swift */; };
		1AE463B9291E443A0097123E /* ButtonCollectionView.swift in Sources */ = {isa = PBXBuildFile; fileRef = 1AE463B8291E443A0097123E /* ButtonCollectionView.swift */; };
		1AE463C1291E68750097123E /* TabbarViewController in Frameworks */ = {isa = PBXBuildFile; productRef = 1AE463C0291E68750097123E /* TabbarViewController */; };
/* End PBXBuildFile section */

/* Begin PBXFileReference section */
		1AE4638D291E22EB0097123E /* NavigationTabBarViewControlelr.app */ = {isa = PBXFileReference; explicitFileType = wrapper.application; includeInIndex = 0; path = NavigationTabBarViewControlelr.app; sourceTree = BUILT_PRODUCTS_DIR; };
		1AE46390291E22EB0097123E /* AppDelegate.swift */ = {isa = PBXFileReference; lastKnownFileType = sourcecode.swift; path = AppDelegate.swift; sourceTree = "<group>"; };
		1AE46392291E22EB0097123E /* SceneDelegate.swift */ = {isa = PBXFileReference; lastKnownFileType = sourcecode.swift; path = SceneDelegate.swift; sourceTree = "<group>"; };
		1AE46394291E22EB0097123E /* ViewController.swift */ = {isa = PBXFileReference; lastKnownFileType = sourcecode.swift; path = ViewController.swift; sourceTree = "<group>"; };
		1AE46397291E22EB0097123E /* Base */ = {isa = PBXFileReference; lastKnownFileType = file.storyboard; name = Base; path = Base.lproj/Main.storyboard; sourceTree = "<group>"; };
		1AE46399291E22F40097123E /* Assets.xcassets */ = {isa = PBXFileReference; lastKnownFileType = folder.assetcatalog; path = Assets.xcassets; sourceTree = "<group>"; };
		1AE4639C291E22F40097123E /* Base */ = {isa = PBXFileReference; lastKnownFileType = file.storyboard; name = Base; path = Base.lproj/LaunchScreen.storyboard; sourceTree = "<group>"; };
		1AE4639E291E22F40097123E /* Info.plist */ = {isa = PBXFileReference; lastKnownFileType = text.plist.xml; path = Info.plist; sourceTree = "<group>"; };
		1AE463A4291E23740097123E /* UINavigationTabBarViewController.swift */ = {isa = PBXFileReference; lastKnownFileType = sourcecode.swift; path = UINavigationTabBarViewController.swift; sourceTree = "<group>"; };
		1AE463A6291E29640097123E /* Extension.swift */ = {isa = PBXFileReference; lastKnownFileType = sourcecode.swift; path = Extension.swift; sourceTree = "<group>"; };
		1AE463A9291E33350097123E /* ContentCollectionViewCell.swift */ = {isa = PBXFileReference; lastKnownFileType = sourcecode.swift; path = ContentCollectionViewCell.swift; sourceTree = "<group>"; };
		1AE463AB291E33630097123E /* ContentViewCell.swift */ = {isa = PBXFileReference; lastKnownFileType = sourcecode.swift; path = ContentViewCell.swift; sourceTree = "<group>"; };
		1AE463B0291E3D760097123E /* FirstViewController.swift */ = {isa = PBXFileReference; lastKnownFileType = sourcecode.swift; path = FirstViewController.swift; sourceTree = "<group>"; };
		1AE463B2291E3D850097123E /* SecondViewController.swift */ = {isa = PBXFileReference; lastKnownFileType = sourcecode.swift; path = SecondViewController.swift; sourceTree = "<group>"; };
		1AE463B4291E3D950097123E /* ThirdViewController.swift */ = {isa = PBXFileReference; lastKnownFileType = sourcecode.swift; path = ThirdViewController.swift; sourceTree = "<group>"; };
		1AE463B6291E442C0097123E /* ButtonViewCell.swift */ = {isa = PBXFileReference; lastKnownFileType = sourcecode.swift; path = ButtonViewCell.swift; sourceTree = "<group>"; };
		1AE463B8291E443A0097123E /* ButtonCollectionView.swift */ = {isa = PBXFileReference; lastKnownFileType = sourcecode.swift; path = ButtonCollectionView.swift; sourceTree = "<group>"; };
/* End PBXFileReference section */

/* Begin PBXFrameworksBuildPhase section */
		1AE4638A291E22EB0097123E /* Frameworks */ = {
			isa = PBXFrameworksBuildPhase;
			buildActionMask = 2147483647;
			files = (
				1AE463C1291E68750097123E /* TabbarViewController in Frameworks */,
			);
			runOnlyForDeploymentPostprocessing = 0;
		};
/* End PBXFrameworksBuildPhase section */

/* Begin PBXGroup section */
		1AE46384291E22EA0097123E = {
			isa = PBXGroup;
			children = (
				1AE4638F291E22EB0097123E /* NavigationTabBarViewControlelr */,
				1AE4638E291E22EB0097123E /* Products */,
			);
			sourceTree = "<group>";
		};
		1AE4638E291E22EB0097123E /* Products */ = {
			isa = PBXGroup;
			children = (
				1AE4638D291E22EB0097123E /* NavigationTabBarViewControlelr.app */,
			);
			name = Products;
			sourceTree = "<group>";
		};
		1AE4638F291E22EB0097123E /* NavigationTabBarViewControlelr */ = {
			isa = PBXGroup;
			children = (
				1AE463AF291E3D530097123E /* Controllrs */,
				1AE463A8291E33230097123E /* Views */,
				1AE46390291E22EB0097123E /* AppDelegate.swift */,
				1AE46392291E22EB0097123E /* SceneDelegate.swift */,
				1AE46396291E22EB0097123E /* Main.storyboard */,
				1AE46399291E22F40097123E /* Assets.xcassets */,
				1AE4639B291E22F40097123E /* LaunchScreen.storyboard */,
				1AE4639E291E22F40097123E /* Info.plist */,
				1AE463A4291E23740097123E /* UINavigationTabBarViewController.swift */,
				1AE463A6291E29640097123E /* Extension.swift */,
			);
			path = NavigationTabBarViewControlelr;
			sourceTree = "<group>";
		};
		1AE463A8291E33230097123E /* Views */ = {
			isa = PBXGroup;
			children = (
				1AE463AE291E348F0097123E /* Content */,
				1AE463AD291E34850097123E /* Button */,
			);
			path = Views;
			sourceTree = "<group>";
		};
		1AE463AD291E34850097123E /* Button */ = {
			isa = PBXGroup;
			children = (
				1AE463B6291E442C0097123E /* ButtonViewCell.swift */,
				1AE463B8291E443A0097123E /* ButtonCollectionView.swift */,
			);
			path = Button;
			sourceTree = "<group>";
		};
		1AE463AE291E348F0097123E /* Content */ = {
			isa = PBXGroup;
			children = (
				1AE463AB291E33630097123E /* ContentViewCell.swift */,
				1AE463A9291E33350097123E /* ContentCollectionViewCell.swift */,
			);
			path = Content;
			sourceTree = "<group>";
		};
		1AE463AF291E3D530097123E /* Controllrs */ = {
			isa = PBXGroup;
			children = (
				1AE46394291E22EB0097123E /* ViewController.swift */,
				1AE463B0291E3D760097123E /* FirstViewController.swift */,
				1AE463B2291E3D850097123E /* SecondViewController.swift */,
				1AE463B4291E3D950097123E /* ThirdViewController.swift */,
			);
			path = Controllrs;
			sourceTree = "<group>";
		};
/* End PBXGroup section */

/* Begin PBXNativeTarget section */
		1AE4638C291E22EB0097123E /* NavigationTabBarViewControlelr */ = {
			isa = PBXNativeTarget;
			buildConfigurationList = 1AE463A1291E22F40097123E /* Build configuration list for PBXNativeTarget "NavigationTabBarViewControlelr" */;
			buildPhases = (
				1AE46389291E22EB0097123E /* Sources */,
				1AE4638A291E22EB0097123E /* Frameworks */,
				1AE4638B291E22EB0097123E /* Resources */,
			);
			buildRules = (
			);
			dependencies = (
			);
			name = NavigationTabBarViewControlelr;
			packageProductDependencies = (
				1AE463C0291E68750097123E /* TabbarViewController */,
			);
			productName = NavigationTabBarViewControlelr;
			productReference = 1AE4638D291E22EB0097123E /* NavigationTabBarViewControlelr.app */;
			productType = "com.apple.product-type.application";
		};
/* End PBXNativeTarget section */

/* Begin PBXProject section */
		1AE46385291E22EA0097123E /* Project object */ = {
			isa = PBXProject;
			attributes = {
				BuildIndependentTargetsInParallel = 1;
				LastSwiftUpdateCheck = 1340;
				LastUpgradeCheck = 1340;
				TargetAttributes = {
					1AE4638C291E22EB0097123E = {
						CreatedOnToolsVersion = 13.4.1;
					};
				};
			};
			buildConfigurationList = 1AE46388291E22EA0097123E /* Build configuration list for PBXProject "NavigationTabBarViewControlelr" */;
			compatibilityVersion = "Xcode 13.0";
			developmentRegion = en;
			hasScannedForEncodings = 0;
			knownRegions = (
				en,
				Base,
			);
			mainGroup = 1AE46384291E22EA0097123E;
			packageReferences = (
				1AE463BF291E68750097123E /* XCRemoteSwiftPackageReference "TabbarViewController" */,
			);
			productRefGroup = 1AE4638E291E22EB0097123E /* Products */;
			projectDirPath = "";
			projectRoot = "";
			targets = (
				1AE4638C291E22EB0097123E /* NavigationTabBarViewControlelr */,
			);
		};
/* End PBXProject section */

/* Begin PBXResourcesBuildPhase section */
		1AE4638B291E22EB0097123E /* Resources */ = {
			isa = PBXResourcesBuildPhase;
			buildActionMask = 2147483647;
			files = (
				1AE4639D291E22F40097123E /* LaunchScreen.storyboard in Resources */,
				1AE4639A291E22F40097123E /* Assets.xcassets in Resources */,
				1AE46398291E22EB0097123E /* Main.storyboard in Resources */,
			);
			runOnlyForDeploymentPostprocessing = 0;
		};
/* End PBXResourcesBuildPhase section */

/* Begin PBXSourcesBuildPhase section */
		1AE46389291E22EB0097123E /* Sources */ = {
			isa = PBXSourcesBuildPhase;
			buildActionMask = 2147483647;
			files = (
				1AE463A7291E29640097123E /* Extension.swift in Sources */,
				1AE46395291E22EB0097123E /* ViewController.swift in Sources */,
				1AE463B5291E3D950097123E /* ThirdViewController.swift in Sources */,
				1AE463AA291E33350097123E /* ContentCollectionViewCell.swift in Sources */,
				1AE463B9291E443A0097123E /* ButtonCollectionView.swift in Sources */,
				1AE463B3291E3D850097123E /* SecondViewController.swift in Sources */,
				1AE463B1291E3D760097123E /* FirstViewController.swift in Sources */,
				1AE46391291E22EB0097123E /* AppDelegate.swift in Sources */,
				1AE463B7291E442C0097123E /* ButtonViewCell.swift in Sources */,
				1AE463A5291E23740097123E /* UINavigationTabBarViewController.swift in Sources */,
				1AE463AC291E33630097123E /* ContentViewCell.swift in Sources */,
				1AE46393291E22EB0097123E /* SceneDelegate.swift in Sources */,
			);
			runOnlyForDeploymentPostprocessing = 0;
		};
/* End PBXSourcesBuildPhase section */

/* Begin PBXVariantGroup section */
		1AE46396291E22EB0097123E /* Main.storyboard */ = {
			isa = PBXVariantGroup;
			children = (
				1AE46397291E22EB0097123E /* Base */,
			);
			name = Main.storyboard;
			sourceTree = "<group>";
		};
		1AE4639B291E22F40097123E /* LaunchScreen.storyboard */ = {
			isa = PBXVariantGroup;
			children = (
				1AE4639C291E22F40097123E /* Base */,
			);
			name = LaunchScreen.storyboard;
			sourceTree = "<group>";
		};
/* End PBXVariantGroup section */

/* Begin XCBuildConfiguration section */
		1AE4639F291E22F40097123E /* Debug */ = {
			isa = XCBuildConfiguration;
			buildSettings = {
				ALWAYS_SEARCH_USER_PATHS = NO;
				CLANG_ANALYZER_NONNULL = YES;
				CLANG_ANALYZER_NUMBER_OBJECT_CONVERSION = YES_AGGRESSIVE;
				CLANG_CXX_LANGUAGE_STANDARD = "gnu++17";
				CLANG_ENABLE_MODULES = YES;
				CLANG_ENABLE_OBJC_ARC = YES;
				CLANG_ENABLE_OBJC_WEAK = YES;
				CLANG_WARN_BLOCK_CAPTURE_AUTORELEASING = YES;
				CLANG_WARN_BOOL_CONVERSION = YES;
				CLANG_WARN_COMMA = YES;
				CLANG_WARN_CONSTANT_CONVERSION = YES;
				CLANG_WARN_DEPRECATED_OBJC_IMPLEMENTATIONS = YES;
				CLANG_WARN_DIRECT_OBJC_ISA_USAGE = YES_ERROR;
				CLANG_WARN_DOCUMENTATION_COMMENTS = YES;
				CLANG_WARN_EMPTY_BODY = YES;
				CLANG_WARN_ENUM_CONVERSION = YES;
				CLANG_WARN_INFINITE_RECURSION = YES;
				CLANG_WARN_INT_CONVERSION = YES;
				CLANG_WARN_NON_LITERAL_NULL_CONVERSION = YES;
				CLANG_WARN_OBJC_IMPLICIT_RETAIN_SELF = YES;
				CLANG_WARN_OBJC_LITERAL_CONVERSION = YES;
				CLANG_WARN_OBJC_ROOT_CLASS = YES_ERROR;
				CLANG_WARN_QUOTED_INCLUDE_IN_FRAMEWORK_HEADER = YES;
				CLANG_WARN_RANGE_LOOP_ANALYSIS = YES;
				CLANG_WARN_STRICT_PROTOTYPES = YES;
				CLANG_WARN_SUSPICIOUS_MOVE = YES;
				CLANG_WARN_UNGUARDED_AVAILABILITY = YES_AGGRESSIVE;
				CLANG_WARN_UNREACHABLE_CODE = YES;
				CLANG_WARN__DUPLICATE_METHOD_MATCH = YES;
				COPY_PHASE_STRIP = NO;
				DEBUG_INFORMATION_FORMAT = dwarf;
				ENABLE_STRICT_OBJC_MSGSEND = YES;
				ENABLE_TESTABILITY = YES;
				GCC_C_LANGUAGE_STANDARD = gnu11;
				GCC_DYNAMIC_NO_PIC = NO;
				GCC_NO_COMMON_BLOCKS = YES;
				GCC_OPTIMIZATION_LEVEL = 0;
				GCC_PREPROCESSOR_DEFINITIONS = (
					"DEBUG=1",
					"$(inherited)",
				);
				GCC_WARN_64_TO_32_BIT_CONVERSION = YES;
				GCC_WARN_ABOUT_RETURN_TYPE = YES_ERROR;
				GCC_WARN_UNDECLARED_SELECTOR = YES;
				GCC_WARN_UNINITIALIZED_AUTOS = YES_AGGRESSIVE;
				GCC_WARN_UNUSED_FUNCTION = YES;
				GCC_WARN_UNUSED_VARIABLE = YES;
				IPHONEOS_DEPLOYMENT_TARGET = 15.5;
				MTL_ENABLE_DEBUG_INFO = INCLUDE_SOURCE;
				MTL_FAST_MATH = YES;
				ONLY_ACTIVE_ARCH = YES;
				SDKROOT = iphoneos;
				SWIFT_ACTIVE_COMPILATION_CONDITIONS = DEBUG;
				SWIFT_OPTIMIZATION_LEVEL = "-Onone";
			};
			name = Debug;
		};
		1AE463A0291E22F40097123E /* Release */ = {
			isa = XCBuildConfiguration;
			buildSettings = {
				ALWAYS_SEARCH_USER_PATHS = NO;
				CLANG_ANALYZER_NONNULL = YES;
				CLANG_ANALYZER_NUMBER_OBJECT_CONVERSION = YES_AGGRESSIVE;
				CLANG_CXX_LANGUAGE_STANDARD = "gnu++17";
				CLANG_ENABLE_MODULES = YES;
				CLANG_ENABLE_OBJC_ARC = YES;
				CLANG_ENABLE_OBJC_WEAK = YES;
				CLANG_WARN_BLOCK_CAPTURE_AUTORELEASING = YES;
				CLANG_WARN_BOOL_CONVERSION = YES;
				CLANG_WARN_COMMA = YES;
				CLANG_WARN_CONSTANT_CONVERSION = YES;
				CLANG_WARN_DEPRECATED_OBJC_IMPLEMENTATIONS = YES;
				CLANG_WARN_DIRECT_OBJC_ISA_USAGE = YES_ERROR;
				CLANG_WARN_DOCUMENTATION_COMMENTS = YES;
				CLANG_WARN_EMPTY_BODY = YES;
				CLANG_WARN_ENUM_CONVERSION = YES;
				CLANG_WARN_INFINITE_RECURSION = YES;
				CLANG_WARN_INT_CONVERSION = YES;
				CLANG_WARN_NON_LITERAL_NULL_CONVERSION = YES;
				CLANG_WARN_OBJC_IMPLICIT_RETAIN_SELF = YES;
				CLANG_WARN_OBJC_LITERAL_CONVERSION = YES;
				CLANG_WARN_OBJC_ROOT_CLASS = YES_ERROR;
				CLANG_WARN_QUOTED_INCLUDE_IN_FRAMEWORK_HEADER = YES;
				CLANG_WARN_RANGE_LOOP_ANALYSIS = YES;
				CLANG_WARN_STRICT_PROTOTYPES = YES;
				CLANG_WARN_SUSPICIOUS_MOVE = YES;
				CLANG_WARN_UNGUARDED_AVAILABILITY = YES_AGGRESSIVE;
				CLANG_WARN_UNREACHABLE_CODE = YES;
				CLANG_WARN__DUPLICATE_METHOD_MATCH = YES;
				COPY_PHASE_STRIP = NO;
				DEBUG_INFORMATION_FORMAT = "dwarf-with-dsym";
				ENABLE_NS_ASSERTIONS = NO;
				ENABLE_STRICT_OBJC_MSGSEND = YES;
				GCC_C_LANGUAGE_STANDARD = gnu11;
				GCC_NO_COMMON_BLOCKS = YES;
				GCC_WARN_64_TO_32_BIT_CONVERSION = YES;
				GCC_WARN_ABOUT_RETURN_TYPE = YES_ERROR;
				GCC_WARN_UNDECLARED_SELECTOR = YES;
				GCC_WARN_UNINITIALIZED_AUTOS = YES_AGGRESSIVE;
				GCC_WARN_UNUSED_FUNCTION = YES;
				GCC_WARN_UNUSED_VARIABLE = YES;
				IPHONEOS_DEPLOYMENT_TARGET = 15.5;
				MTL_ENABLE_DEBUG_INFO = NO;
				MTL_FAST_MATH = YES;
				SDKROOT = iphoneos;
				SWIFT_COMPILATION_MODE = wholemodule;
				SWIFT_OPTIMIZATION_LEVEL = "-O";
				VALIDATE_PRODUCT = YES;
			};
			name = Release;
		};
		1AE463A2291E22F40097123E /* Debug */ = {
			isa = XCBuildConfiguration;
			buildSettings = {
				ASSETCATALOG_COMPILER_APPICON_NAME = AppIcon;
				ASSETCATALOG_COMPILER_GLOBAL_ACCENT_COLOR_NAME = AccentColor;
				CODE_SIGN_STYLE = Automatic;
				CURRENT_PROJECT_VERSION = 1;
				DEVELOPMENT_TEAM = YA5HXFT63V;
				GENERATE_INFOPLIST_FILE = YES;
				INFOPLIST_FILE = NavigationTabBarViewControlelr/Info.plist;
				INFOPLIST_KEY_UIApplicationSupportsIndirectInputEvents = YES;
				INFOPLIST_KEY_UILaunchStoryboardName = LaunchScreen;
				INFOPLIST_KEY_UIMainStoryboardFile = Main;
				INFOPLIST_KEY_UISupportedInterfaceOrientations_iPad = "UIInterfaceOrientationPortrait UIInterfaceOrientationPortraitUpsideDown UIInterfaceOrientationLandscapeLeft UIInterfaceOrientationLandscapeRight";
				INFOPLIST_KEY_UISupportedInterfaceOrientations_iPhone = "UIInterfaceOrientationPortrait UIInterfaceOrientationLandscapeLeft UIInterfaceOrientationLandscapeRight";
				LD_RUNPATH_SEARCH_PATHS = (
					"$(inherited)",
					"@executable_path/Frameworks",
				);
				MARKETING_VERSION = 1.0;
				PRODUCT_BUNDLE_IDENTIFIER = sho.NavigationTabBarViewControlelr;
				PRODUCT_NAME = "$(TARGET_NAME)";
				SWIFT_EMIT_LOC_STRINGS = YES;
				SWIFT_VERSION = 5.0;
				TARGETED_DEVICE_FAMILY = "1,2";
			};
			name = Debug;
		};
		1AE463A3291E22F40097123E /* Release */ = {
			isa = XCBuildConfiguration;
			buildSettings = {
				ASSETCATALOG_COMPILER_APPICON_NAME = AppIcon;
				ASSETCATALOG_COMPILER_GLOBAL_ACCENT_COLOR_NAME = AccentColor;
				CODE_SIGN_STYLE = Automatic;
				CURRENT_PROJECT_VERSION = 1;
				DEVELOPMENT_TEAM = YA5HXFT63V;
				GENERATE_INFOPLIST_FILE = YES;
				INFOPLIST_FILE = NavigationTabBarViewControlelr/Info.plist;
				INFOPLIST_KEY_UIApplicationSupportsIndirectInputEvents = YES;
				INFOPLIST_KEY_UILaunchStoryboardName = LaunchScreen;
				INFOPLIST_KEY_UIMainStoryboardFile = Main;
				INFOPLIST_KEY_UISupportedInterfaceOrientations_iPad = "UIInterfaceOrientationPortrait UIInterfaceOrientationPortraitUpsideDown UIInterfaceOrientationLandscapeLeft UIInterfaceOrientationLandscapeRight";
				INFOPLIST_KEY_UISupportedInterfaceOrientations_iPhone = "UIInterfaceOrientationPortrait UIInterfaceOrientationLandscapeLeft UIInterfaceOrientationLandscapeRight";
				LD_RUNPATH_SEARCH_PATHS = (
					"$(inherited)",
					"@executable_path/Frameworks",
				);
				MARKETING_VERSION = 1.0;
				PRODUCT_BUNDLE_IDENTIFIER = sho.NavigationTabBarViewControlelr;
				PRODUCT_NAME = "$(TARGET_NAME)";
				SWIFT_EMIT_LOC_STRINGS = YES;
				SWIFT_VERSION = 5.0;
				TARGETED_DEVICE_FAMILY = "1,2";
			};
			name = Release;
		};
/* End XCBuildConfiguration section */

/* Begin XCConfigurationList section */
		1AE46388291E22EA0097123E /* Build configuration list for PBXProject "NavigationTabBarViewControlelr" */ = {
			isa = XCConfigurationList;
			buildConfigurations = (
				1AE4639F291E22F40097123E /* Debug */,
				1AE463A0291E22F40097123E /* Release */,
			);
			defaultConfigurationIsVisible = 0;
			defaultConfigurationName = Release;
		};
		1AE463A1291E22F40097123E /* Build configuration list for PBXNativeTarget "NavigationTabBarViewControlelr" */ = {
			isa = XCConfigurationList;
			buildConfigurations = (
				1AE463A2291E22F40097123E /* Debug */,
				1AE463A3291E22F40097123E /* Release */,
			);
			defaultConfigurationIsVisible = 0;
			defaultConfigurationName = Release;
		};
/* End XCConfigurationList section */

/* Begin XCRemoteSwiftPackageReference section */
		1AE463BF291E68750097123E /* XCRemoteSwiftPackageReference "TabbarViewController" */ = {
			isa = XCRemoteSwiftPackageReference;
			repositoryURL = "https://github.com/yabuki829/TabbarViewController.git";
			requirement = {
				branch = main;
				kind = branch;
			};
		};
/* End XCRemoteSwiftPackageReference section */

/* Begin XCSwiftPackageProductDependency section */
		1AE463C0291E68750097123E /* TabbarViewController */ = {
			isa = XCSwiftPackageProductDependency;
			package = 1AE463BF291E68750097123E /* XCRemoteSwiftPackageReference "TabbarViewController" */;
			productName = TabbarViewController;
		};
/* End XCSwiftPackageProductDependency section */
	};
	rootObject = 1AE46385291E22EA0097123E /* Project object */;
}
